// !$*UTF8*$!
{
	archiveVersion = 1;
	classes = {
	};
	objectVersion = 46;
	objects = {

/* Begin PBXBuildFile section */
		BE8295371C8B56D200DFDAB2 /* DateCell.swift in Sources */ = {isa = PBXBuildFile; fileRef = BE8295361C8B56D200DFDAB2 /* DateCell.swift */; };
		BE8295391C8B57F200DFDAB2 /* MonthCalculate.swift in Sources */ = {isa = PBXBuildFile; fileRef = BE8295381C8B57F200DFDAB2 /* MonthCalculate.swift */; };
		BEA467CD1C8A51090052ED9C /* AppDelegate.swift in Sources */ = {isa = PBXBuildFile; fileRef = BEA467CC1C8A51090052ED9C /* AppDelegate.swift */; };
		BEA467CF1C8A51090052ED9C /* ViewController.swift in Sources */ = {isa = PBXBuildFile; fileRef = BEA467CE1C8A51090052ED9C /* ViewController.swift */; };
		BEA467D21C8A51090052ED9C /* Main.storyboard in Resources */ = {isa = PBXBuildFile; fileRef = BEA467D01C8A51090052ED9C /* Main.storyboard */; };
		BEA467D51C8A51090052ED9C /* IOSHW2.xcdatamodeld in Sources */ = {isa = PBXBuildFile; fileRef = BEA467D31C8A51090052ED9C /* IOSHW2.xcdatamodeld */; };
		BEA467D71C8A51090052ED9C /* Assets.xcassets in Resources */ = {isa = PBXBuildFile; fileRef = BEA467D61C8A51090052ED9C /* Assets.xcassets */; };
		BEA467DA1C8A51090052ED9C /* LaunchScreen.storyboard in Resources */ = {isa = PBXBuildFile; fileRef = BEA467D81C8A51090052ED9C /* LaunchScreen.storyboard */; };
		BEA467E51C8A51090052ED9C /* IOSHW2Tests.swift in Sources */ = {isa = PBXBuildFile; fileRef = BEA467E41C8A51090052ED9C /* IOSHW2Tests.swift */; };
		BEA467F01C8A51090052ED9C /* IOSHW2UITests.swift in Sources */ = {isa = PBXBuildFile; fileRef = BEA467EF1C8A51090052ED9C /* IOSHW2UITests.swift */; };
		BEA467FE1C8A8BA40052ED9C /* Minecraft.ttf in Resources */ = {isa = PBXBuildFile; fileRef = BEA467FD1C8A8BA40052ED9C /* Minecraft.ttf */; };
		BEA468001C8A93500052ED9C /* btn.wav in Resources */ = {isa = PBXBuildFile; fileRef = BEA467FF1C8A93500052ED9C /* btn.wav */; };
		BEA468021C8AA3460052ED9C /* MonthDateTap.swift in Sources */ = {isa = PBXBuildFile; fileRef = BEA468011C8AA3460052ED9C /* MonthDateTap.swift */; };
/* End PBXBuildFile section */

/* Begin PBXContainerItemProxy section */
		BEA467E11C8A51090052ED9C /* PBXContainerItemProxy */ = {
			isa = PBXContainerItemProxy;
			containerPortal = BEA467C11C8A51090052ED9C /* Project object */;
			proxyType = 1;
			remoteGlobalIDString = BEA467C81C8A51090052ED9C;
			remoteInfo = IOSHW2;
		};
		BEA467EC1C8A51090052ED9C /* PBXContainerItemProxy */ = {
			isa = PBXContainerItemProxy;
			containerPortal = BEA467C11C8A51090052ED9C /* Project object */;
			proxyType = 1;
			remoteGlobalIDString = BEA467C81C8A51090052ED9C;
			remoteInfo = IOSHW2;
		};
/* End PBXContainerItemProxy section */

/* Begin PBXFileReference section */
		BE8295361C8B56D200DFDAB2 /* DateCell.swift */ = {isa = PBXFileReference; fileEncoding = 4; lastKnownFileType = sourcecode.swift; path = DateCell.swift; sourceTree = "<group>"; };
		BE8295381C8B57F200DFDAB2 /* MonthCalculate.swift */ = {isa = PBXFileReference; fileEncoding = 4; lastKnownFileType = sourcecode.swift; path = MonthCalculate.swift; sourceTree = "<group>"; };
		BEA467C91C8A51090052ED9C /* IOSHW2.app */ = {isa = PBXFileReference; explicitFileType = wrapper.application; includeInIndex = 0; path = IOSHW2.app; sourceTree = BUILT_PRODUCTS_DIR; };
		BEA467CC1C8A51090052ED9C /* AppDelegate.swift */ = {isa = PBXFileReference; lastKnownFileType = sourcecode.swift; path = AppDelegate.swift; sourceTree = "<group>"; };
		BEA467CE1C8A51090052ED9C /* ViewController.swift */ = {isa = PBXFileReference; lastKnownFileType = sourcecode.swift; path = ViewController.swift; sourceTree = "<group>"; };
		BEA467D11C8A51090052ED9C /* Base */ = {isa = PBXFileReference; lastKnownFileType = file.storyboard; name = Base; path = Base.lproj/Main.storyboard; sourceTree = "<group>"; };
		BEA467D41C8A51090052ED9C /* IOSHW2.xcdatamodel */ = {isa = PBXFileReference; lastKnownFileType = wrapper.xcdatamodel; path = IOSHW2.xcdatamodel; sourceTree = "<group>"; };
		BEA467D61C8A51090052ED9C /* Assets.xcassets */ = {isa = PBXFileReference; lastKnownFileType = folder.assetcatalog; path = Assets.xcassets; sourceTree = "<group>"; };
		BEA467D91C8A51090052ED9C /* Base */ = {isa = PBXFileReference; lastKnownFileType = file.storyboard; name = Base; path = Base.lproj/LaunchScreen.storyboard; sourceTree = "<group>"; };
		BEA467DB1C8A51090052ED9C /* Info.plist */ = {isa = PBXFileReference; lastKnownFileType = text.plist.xml; path = Info.plist; sourceTree = "<group>"; };
		BEA467E01C8A51090052ED9C /* IOSHW2Tests.xctest */ = {isa = PBXFileReference; explicitFileType = wrapper.cfbundle; includeInIndex = 0; path = IOSHW2Tests.xctest; sourceTree = BUILT_PRODUCTS_DIR; };
		BEA467E41C8A51090052ED9C /* IOSHW2Tests.swift */ = {isa = PBXFileReference; lastKnownFileType = sourcecode.swift; path = IOSHW2Tests.swift; sourceTree = "<group>"; };
		BEA467E61C8A51090052ED9C /* Info.plist */ = {isa = PBXFileReference; lastKnownFileType = text.plist.xml; path = Info.plist; sourceTree = "<group>"; };
		BEA467EB1C8A51090052ED9C /* IOSHW2UITests.xctest */ = {isa = PBXFileReference; explicitFileType = wrapper.cfbundle; includeInIndex = 0; path = IOSHW2UITests.xctest; sourceTree = BUILT_PRODUCTS_DIR; };
		BEA467EF1C8A51090052ED9C /* IOSHW2UITests.swift */ = {isa = PBXFileReference; lastKnownFileType = sourcecode.swift; path = IOSHW2UITests.swift; sourceTree = "<group>"; };
		BEA467F11C8A51090052ED9C /* Info.plist */ = {isa = PBXFileReference; lastKnownFileType = text.plist.xml; path = Info.plist; sourceTree = "<group>"; };
		BEA467FD1C8A8BA40052ED9C /* Minecraft.ttf */ = {isa = PBXFileReference; lastKnownFileType = file; path = Minecraft.ttf; sourceTree = "<group>"; };
		BEA467FF1C8A93500052ED9C /* btn.wav */ = {isa = PBXFileReference; lastKnownFileType = audio.wav; path = btn.wav; sourceTree = "<group>"; };
		BEA468011C8AA3460052ED9C /* MonthDateTap.swift */ = {isa = PBXFileReference; fileEncoding = 4; lastKnownFileType = sourcecode.swift; path = MonthDateTap.swift; sourceTree = "<group>"; };
/* End PBXFileReference section */

/* Begin PBXFrameworksBuildPhase section */
		BEA467C61C8A51090052ED9C /* Frameworks */ = {
			isa = PBXFrameworksBuildPhase;
			buildActionMask = 2147483647;
			files = (
			);
			runOnlyForDeploymentPostprocessing = 0;
		};
		BEA467DD1C8A51090052ED9C /* Frameworks */ = {
			isa = PBXFrameworksBuildPhase;
			buildActionMask = 2147483647;
			files = (
			);
			runOnlyForDeploymentPostprocessing = 0;
		};
		BEA467E81C8A51090052ED9C /* Frameworks */ = {
			isa = PBXFrameworksBuildPhase;
			buildActionMask = 2147483647;
			files = (
			);
			runOnlyForDeploymentPostprocessing = 0;
		};
/* End PBXFrameworksBuildPhase section */

/* Begin PBXGroup section */
		BEA467C01C8A51090052ED9C = {
			isa = PBXGroup;
			children = (
				BEA467CB1C8A51090052ED9C /* IOSHW2 */,
				BEA467E31C8A51090052ED9C /* IOSHW2Tests */,
				BEA467EE1C8A51090052ED9C /* IOSHW2UITests */,
				BEA467CA1C8A51090052ED9C /* Products */,
			);
			sourceTree = "<group>";
		};
		BEA467CA1C8A51090052ED9C /* Products */ = {
			isa = PBXGroup;
			children = (
				BEA467C91C8A51090052ED9C /* IOSHW2.app */,
				BEA467E01C8A51090052ED9C /* IOSHW2Tests.xctest */,
				BEA467EB1C8A51090052ED9C /* IOSHW2UITests.xctest */,
			);
			name = Products;
			sourceTree = "<group>";
		};
		BEA467CB1C8A51090052ED9C /* IOSHW2 */ = {
			isa = PBXGroup;
			children = (
				BEA467FF1C8A93500052ED9C /* btn.wav */,
				BEA467FD1C8A8BA40052ED9C /* Minecraft.ttf */,
				BEA467CC1C8A51090052ED9C /* AppDelegate.swift */,
				BEA467CE1C8A51090052ED9C /* ViewController.swift */,
				BEA467D01C8A51090052ED9C /* Main.storyboard */,
				BEA467D61C8A51090052ED9C /* Assets.xcassets */,
				BEA467D81C8A51090052ED9C /* LaunchScreen.storyboard */,
				BEA467DB1C8A51090052ED9C /* Info.plist */,
				BEA467D31C8A51090052ED9C /* IOSHW2.xcdatamodeld */,
				BEA468011C8AA3460052ED9C /* MonthDateTap.swift */,
				BE8295361C8B56D200DFDAB2 /* DateCell.swift */,
				BE8295381C8B57F200DFDAB2 /* MonthCalculate.swift */,
			);
			path = IOSHW2;
			sourceTree = "<group>";
		};
		BEA467E31C8A51090052ED9C /* IOSHW2Tests */ = {
			isa = PBXGroup;
			children = (
				BEA467E41C8A51090052ED9C /* IOSHW2Tests.swift */,
				BEA467E61C8A51090052ED9C /* Info.plist */,
			);
			path = IOSHW2Tests;
			sourceTree = "<group>";
		};
		BEA467EE1C8A51090052ED9C /* IOSHW2UITests */ = {
			isa = PBXGroup;
			children = (
				BEA467EF1C8A51090052ED9C /* IOSHW2UITests.swift */,
				BEA467F11C8A51090052ED9C /* Info.plist */,
			);
			path = IOSHW2UITests;
			sourceTree = "<group>";
		};
/* End PBXGroup section */

/* Begin PBXNativeTarget section */
		BEA467C81C8A51090052ED9C /* IOSHW2 */ = {
			isa = PBXNativeTarget;
			buildConfigurationList = BEA467F41C8A51090052ED9C /* Build configuration list for PBXNativeTarget "IOSHW2" */;
			buildPhases = (
				BEA467C51C8A51090052ED9C /* Sources */,
				BEA467C61C8A51090052ED9C /* Frameworks */,
				BEA467C71C8A51090052ED9C /* Resources */,
			);
			buildRules = (
			);
			dependencies = (
			);
			name = IOSHW2;
			productName = IOSHW2;
			productReference = BEA467C91C8A51090052ED9C /* IOSHW2.app */;
			productType = "com.apple.product-type.application";
		};
		BEA467DF1C8A51090052ED9C /* IOSHW2Tests */ = {
			isa = PBXNativeTarget;
			buildConfigurationList = BEA467F71C8A51090052ED9C /* Build configuration list for PBXNativeTarget "IOSHW2Tests" */;
			buildPhases = (
				BEA467DC1C8A51090052ED9C /* Sources */,
				BEA467DD1C8A51090052ED9C /* Frameworks */,
				BEA467DE1C8A51090052ED9C /* Resources */,
			);
			buildRules = (
			);
			dependencies = (
				BEA467E21C8A51090052ED9C /* PBXTargetDependency */,
			);
			name = IOSHW2Tests;
			productName = IOSHW2Tests;
			productReference = BEA467E01C8A51090052ED9C /* IOSHW2Tests.xctest */;
			productType = "com.apple.product-type.bundle.unit-test";
		};
		BEA467EA1C8A51090052ED9C /* IOSHW2UITests */ = {
			isa = PBXNativeTarget;
			buildConfigurationList = BEA467FA1C8A51090052ED9C /* Build configuration list for PBXNativeTarget "IOSHW2UITests" */;
			buildPhases = (
				BEA467E71C8A51090052ED9C /* Sources */,
				BEA467E81C8A51090052ED9C /* Frameworks */,
				BEA467E91C8A51090052ED9C /* Resources */,
			);
			buildRules = (
			);
			dependencies = (
				BEA467ED1C8A51090052ED9C /* PBXTargetDependency */,
			);
			name = IOSHW2UITests;
			productName = IOSHW2UITests;
			productReference = BEA467EB1C8A51090052ED9C /* IOSHW2UITests.xctest */;
			productType = "com.apple.product-type.bundle.ui-testing";
		};
/* End PBXNativeTarget section */

/* Begin PBXProject section */
		BEA467C11C8A51090052ED9C /* Project object */ = {
			isa = PBXProject;
			attributes = {
				LastSwiftUpdateCheck = 0720;
				LastUpgradeCheck = 0720;
				ORGANIZATIONNAME = wuyue;
				TargetAttributes = {
					BEA467C81C8A51090052ED9C = {
						CreatedOnToolsVersion = 7.2;
						DevelopmentTeam = J2KPY8T93S;
					};
					BEA467DF1C8A51090052ED9C = {
						CreatedOnToolsVersion = 7.2;
						DevelopmentTeam = J2KPY8T93S;
						TestTargetID = BEA467C81C8A51090052ED9C;
					};
					BEA467EA1C8A51090052ED9C = {
						CreatedOnToolsVersion = 7.2;
						DevelopmentTeam = J2KPY8T93S;
						TestTargetID = BEA467C81C8A51090052ED9C;
					};
				};
			};
			buildConfigurationList = BEA467C41C8A51090052ED9C /* Build configuration list for PBXProject "IOSHW2" */;
			compatibilityVersion = "Xcode 3.2";
			developmentRegion = English;
			hasScannedForEncodings = 0;
			knownRegions = (
				en,
				Base,
			);
			mainGroup = BEA467C01C8A51090052ED9C;
			productRefGroup = BEA467CA1C8A51090052ED9C /* Products */;
			projectDirPath = "";
			projectRoot = "";
			targets = (
				BEA467C81C8A51090052ED9C /* IOSHW2 */,
				BEA467DF1C8A51090052ED9C /* IOSHW2Tests */,
				BEA467EA1C8A51090052ED9C /* IOSHW2UITests */,
			);
		};
/* End PBXProject section */

/* Begin PBXResourcesBuildPhase section */
		BEA467C71C8A51090052ED9C /* Resources */ = {
			isa = PBXResourcesBuildPhase;
			buildActionMask = 2147483647;
			files = (
				BEA468001C8A93500052ED9C /* btn.wav in Resources */,
				BEA467DA1C8A51090052ED9C /* LaunchScreen.storyboard in Resources */,
				BEA467D71C8A51090052ED9C /* Assets.xcassets in Resources */,
				BEA467FE1C8A8BA40052ED9C /* Minecraft.ttf in Resources */,
				BEA467D21C8A51090052ED9C /* Main.storyboard in Resources */,
			);
			runOnlyForDeploymentPostprocessing = 0;
		};
		BEA467DE1C8A51090052ED9C /* Resources */ = {
			isa = PBXResourcesBuildPhase;
			buildActionMask = 2147483647;
			files = (
			);
			runOnlyForDeploymentPostprocessing = 0;
		};
		BEA467E91C8A51090052ED9C /* Resources */ = {
			isa = PBXResourcesBuildPhase;
			buildActionMask = 2147483647;
			files = (
			);
			runOnlyForDeploymentPostprocessing = 0;
		};
/* End PBXResourcesBuildPhase section */

/* Begin PBXSourcesBuildPhase section */
		BEA467C51C8A51090052ED9C /* Sources */ = {
			isa = PBXSourcesBuildPhase;
			buildActionMask = 2147483647;
			files = (
				BEA467CF1C8A51090052ED9C /* ViewController.swift in Sources */,
				BE8295371C8B56D200DFDAB2 /* DateCell.swift in Sources */,
				BEA467CD1C8A51090052ED9C /* AppDelegate.swift in Sources */,
				BE8295391C8B57F200DFDAB2 /* MonthCalculate.swift in Sources */,
				BEA468021C8AA3460052ED9C /* MonthDateTap.swift in Sources */,
				BEA467D51C8A51090052ED9C /* IOSHW2.xcdatamodeld in Sources */,
			);
			runOnlyForDeploymentPostprocessing = 0;
		};
		BEA467DC1C8A51090052ED9C /* Sources */ = {
			isa = PBXSourcesBuildPhase;
			buildActionMask = 2147483647;
			files = (
				BEA467E51C8A51090052ED9C /* IOSHW2Tests.swift in Sources */,
			);
			runOnlyForDeploymentPostprocessing = 0;
		};
		BEA467E71C8A51090052ED9C /* Sources */ = {
			isa = PBXSourcesBuildPhase;
			buildActionMask = 2147483647;
			files = (
				BEA467F01C8A51090052ED9C /* IOSHW2UITests.swift in Sources */,
			);
			runOnlyForDeploymentPostprocessing = 0;
		};
/* End PBXSourcesBuildPhase section */

/* Begin PBXTargetDependency section */
		BEA467E21C8A51090052ED9C /* PBXTargetDependency */ = {
			isa = PBXTargetDependency;
			target = BEA467C81C8A51090052ED9C /* IOSHW2 */;
			targetProxy = BEA467E11C8A51090052ED9C /* PBXContainerItemProxy */;
		};
		BEA467ED1C8A51090052ED9C /* PBXTargetDependency */ = {
			isa = PBXTargetDependency;
			target = BEA467C81C8A51090052ED9C /* IOSHW2 */;
			targetProxy = BEA467EC1C8A51090052ED9C /* PBXContainerItemProxy */;
		};
/* End PBXTargetDependency section */

/* Begin PBXVariantGroup section */
		BEA467D01C8A51090052ED9C /* Main.storyboard */ = {
			isa = PBXVariantGroup;
			children = (
				BEA467D11C8A51090052ED9C /* Base */,
			);
			name = Main.storyboard;
			sourceTree = "<group>";
		};
		BEA467D81C8A51090052ED9C /* LaunchScreen.storyboard */ = {
			isa = PBXVariantGroup;
			children = (
				BEA467D91C8A51090052ED9C /* Base */,
			);
			name = LaunchScreen.storyboard;
			sourceTree = "<group>";
		};
/* End PBXVariantGroup section */

/* Begin XCBuildConfiguration section */
		BEA467F21C8A51090052ED9C /* Debug */ = {
			isa = XCBuildConfiguration;
			buildSettings = {
				ALWAYS_SEARCH_USER_PATHS = NO;
				CLANG_CXX_LANGUAGE_STANDARD = "gnu++0x";
				CLANG_CXX_LIBRARY = "libc++";
				CLANG_ENABLE_MODULES = YES;
				CLANG_ENABLE_OBJC_ARC = YES;
				CLANG_WARN_BOOL_CONVERSION = YES;
				CLANG_WARN_CONSTANT_CONVERSION = YES;
				CLANG_WARN_DIRECT_OBJC_ISA_USAGE = YES_ERROR;
				CLANG_WARN_EMPTY_BODY = YES;
				CLANG_WARN_ENUM_CONVERSION = YES;
				CLANG_WARN_INT_CONVERSION = YES;
				CLANG_WARN_OBJC_ROOT_CLASS = YES_ERROR;
				CLANG_WARN_UNREACHABLE_CODE = YES;
				CLANG_WARN__DUPLICATE_METHOD_MATCH = YES;
				"CODE_SIGN_IDENTITY[sdk=iphoneos*]" = "iPhone Developer";
				COPY_PHASE_STRIP = NO;
				DEBUG_INFORMATION_FORMAT = dwarf;
				ENABLE_STRICT_OBJC_MSGSEND = YES;
				ENABLE_TESTABILITY = YES;
				GCC_C_LANGUAGE_STANDARD = gnu99;
				GCC_DYNAMIC_NO_PIC = NO;
				GCC_NO_COMMON_BLOCKS = YES;
				GCC_OPTIMIZATION_LEVEL = 0;
				GCC_PREPROCESSOR_DEFINITIONS = (
					"DEBUG=1",
					"$(inherited)",
				);
				GCC_WARN_64_TO_32_BIT_CONVERSION = YES;
				GCC_WARN_ABOUT_RETURN_TYPE = YES_ERROR;
				GCC_WARN_UNDECLARED_SELECTOR = YES;
				GCC_WARN_UNINITIALIZED_AUTOS = YES_AGGRESSIVE;
				GCC_WARN_UNUSED_FUNCTION = YES;
				GCC_WARN_UNUSED_VARIABLE = YES;
				IPHONEOS_DEPLOYMENT_TARGET = 9.2;
				MTL_ENABLE_DEBUG_INFO = YES;
				ONLY_ACTIVE_ARCH = YES;
				SDKROOT = iphoneos;
				SWIFT_OPTIMIZATION_LEVEL = "-Onone";
				TARGETED_DEVICE_FAMILY = "1,2";
			};
			name = Debug;
		};
		BEA467F31C8A51090052ED9C /* Release */ = {
			isa = XCBuildConfiguration;
			buildSettings = {
				ALWAYS_SEARCH_USER_PATHS = NO;
				CLANG_CXX_LANGUAGE_STANDARD = "gnu++0x";
				CLANG_CXX_LIBRARY = "libc++";
				CLANG_ENABLE_MODULES = YES;
				CLANG_ENABLE_OBJC_ARC = YES;
				CLANG_WARN_BOOL_CONVERSION = YES;
				CLANG_WARN_CONSTANT_CONVERSION = YES;
				CLANG_WARN_DIRECT_OBJC_ISA_USAGE = YES_ERROR;
				CLANG_WARN_EMPTY_BODY = YES;
				CLANG_WARN_ENUM_CONVERSION = YES;
				CLANG_WARN_INT_CONVERSION = YES;
				CLANG_WARN_OBJC_ROOT_CLASS = YES_ERROR;
				CLANG_WARN_UNREACHABLE_CODE = YES;
				CLANG_WARN__DUPLICATE_METHOD_MATCH = YES;
				"CODE_SIGN_IDENTITY[sdk=iphoneos*]" = "iPhone Developer";
				COPY_PHASE_STRIP = NO;
				DEBUG_INFORMATION_FORMAT = "dwarf-with-dsym";
				ENABLE_NS_ASSERTIONS = NO;
				ENABLE_STRICT_OBJC_MSGSEND = YES;
				GCC_C_LANGUAGE_STANDARD = gnu99;
				GCC_NO_COMMON_BLOCKS = YES;
				GCC_WARN_64_TO_32_BIT_CONVERSION = YES;
				GCC_WARN_ABOUT_RETURN_TYPE = YES_ERROR;
				GCC_WARN_UNDECLARED_SELECTOR = YES;
				GCC_WARN_UNINITIALIZED_AUTOS = YES_AGGRESSIVE;
				GCC_WARN_UNUSED_FUNCTION = YES;
				GCC_WARN_UNUSED_VARIABLE = YES;
				IPHONEOS_DEPLOYMENT_TARGET = 9.2;
				MTL_ENABLE_DEBUG_INFO = NO;
				SDKROOT = iphoneos;
				TARGETED_DEVICE_FAMILY = "1,2";
				VALIDATE_PRODUCT = YES;
			};
			name = Release;
		};
		BEA467F51C8A51090052ED9C /* Debug */ = {
			isa = XCBuildConfiguration;
			buildSettings = {
				ASSETCATALOG_COMPILER_APPICON_NAME = AppIcon;
				INFOPLIST_FILE = IOSHW2/Info.plist;
				LD_RUNPATH_SEARCH_PATHS = "$(inherited) @executable_path/Frameworks";
				PRODUCT_BUNDLE_IDENTIFIER = wuyue.IOSHW2;
				PRODUCT_NAME = "$(TARGET_NAME)";
			};
			name = Debug;
		};
		BEA467F61C8A51090052ED9C /* Release */ = {
			isa = XCBuildConfiguration;
			buildSettings = {
				ASSETCATALOG_COMPILER_APPICON_NAME = AppIcon;
				INFOPLIST_FILE = IOSHW2/Info.plist;
				LD_RUNPATH_SEARCH_PATHS = "$(inherited) @executable_path/Frameworks";
				PRODUCT_BUNDLE_IDENTIFIER = wuyue.IOSHW2;
				PRODUCT_NAME = "$(TARGET_NAME)";
			};
			name = Release;
		};
		BEA467F81C8A51090052ED9C /* Debug */ = {
			isa = XCBuildConfiguration;
			buildSettings = {
				BUNDLE_LOADER = "$(TEST_HOST)";
				INFOPLIST_FILE = IOSHW2Tests/Info.plist;
				LD_RUNPATH_SEARCH_PATHS = "$(inherited) @executable_path/Frameworks @loader_path/Frameworks";
				PRODUCT_BUNDLE_IDENTIFIER = wuyue.IOSHW2Tests;
				PRODUCT_NAME = "$(TARGET_NAME)";
				TEST_HOST = "$(BUILT_PRODUCTS_DIR)/IOSHW2.app/IOSHW2";
			};
			name = Debug;
		};
		BEA467F91C8A51090052ED9C /* Release */ = {
			isa = XCBuildConfiguration;
			buildSettings = {
				BUNDLE_LOADER = "$(TEST_HOST)";
				INFOPLIST_FILE = IOSHW2Tests/Info.plist;
				LD_RUNPATH_SEARCH_PATHS = "$(inherited) @executable_path/Frameworks @loader_path/Frameworks";
				PRODUCT_BUNDLE_IDENTIFIER = wuyue.IOSHW2Tests;
				PRODUCT_NAME = "$(TARGET_NAME)";
				TEST_HOST = "$(BUILT_PRODUCTS_DIR)/IOSHW2.app/IOSHW2";
			};
			name = Release;
		};
		BEA467FB1C8A51090052ED9C /* Debug */ = {
			isa = XCBuildConfiguration;
			buildSettings = {
				INFOPLIST_FILE = IOSHW2UITests/Info.plist;
				LD_RUNPATH_SEARCH_PATHS = "$(inherited) @executable_path/Frameworks @loader_path/Frameworks";
				PRODUCT_BUNDLE_IDENTIFIER = wuyue.IOSHW2UITests;
				PRODUCT_NAME = "$(TARGET_NAME)";
				TEST_TARGET_NAME = IOSHW2;
				USES_XCTRUNNER = YES;
			};
			name = Debug;
		};
		BEA467FC1C8A51090052ED9C /* Release */ = {
			isa = XCBuildConfiguration;
			buildSettings = {
				INFOPLIST_FILE = IOSHW2UITests/Info.plist;
				LD_RUNPATH_SEARCH_PATHS = "$(inherited) @executable_path/Frameworks @loader_path/Frameworks";
				PRODUCT_BUNDLE_IDENTIFIER = wuyue.IOSHW2UITests;
				PRODUCT_NAME = "$(TARGET_NAME)";
				TEST_TARGET_NAME = IOSHW2;
				USES_XCTRUNNER = YES;
			};
			name = Release;
		};
/* End XCBuildConfiguration section */

/* Begin XCConfigurationList section */
		BEA467C41C8A51090052ED9C /* Build configuration list for PBXProject "IOSHW2" */ = {
			isa = XCConfigurationList;
			buildConfigurations = (
				BEA467F21C8A51090052ED9C /* Debug */,
				BEA467F31C8A51090052ED9C /* Release */,
			);
			defaultConfigurationIsVisible = 0;
			defaultConfigurationName = Release;
		};
		BEA467F41C8A51090052ED9C /* Build configuration list for PBXNativeTarget "IOSHW2" */ = {
			isa = XCConfigurationList;
			buildConfigurations = (
				BEA467F51C8A51090052ED9C /* Debug */,
				BEA467F61C8A51090052ED9C /* Release */,
			);
			defaultConfigurationIsVisible = 0;
			defaultConfigurationName = Release;
		};
		BEA467F71C8A51090052ED9C /* Build configuration list for PBXNativeTarget "IOSHW2Tests" */ = {
			isa = XCConfigurationList;
			buildConfigurations = (
				BEA467F81C8A51090052ED9C /* Debug */,
				BEA467F91C8A51090052ED9C /* Release */,
			);
			defaultConfigurationIsVisible = 0;
			defaultConfigurationName = Release;
		};
		BEA467FA1C8A51090052ED9C /* Build configuration list for PBXNativeTarget "IOSHW2UITests" */ = {
			isa = XCConfigurationList;
			buildConfigurations = (
				BEA467FB1C8A51090052ED9C /* Debug */,
				BEA467FC1C8A51090052ED9C /* Release */,
			);
			defaultConfigurationIsVisible = 0;
			defaultConfigurationName = Release;
		};
/* End XCConfigurationList section */

/* Begin XCVersionGroup section */
		BEA467D31C8A51090052ED9C /* IOSHW2.xcdatamodeld */ = {
			isa = XCVersionGroup;
			children = (
				BEA467D41C8A51090052ED9C /* IOSHW2.xcdatamodel */,
			);
			currentVersion = BEA467D41C8A51090052ED9C /* IOSHW2.xcdatamodel */;
			path = IOSHW2.xcdatamodeld;
			sourceTree = "<group>";
			versionGroupType = wrapper.xcdatamodel;
		};
/* End XCVersionGroup section */
	};
	rootObject = BEA467C11C8A51090052ED9C /* Project object */;
}
